
Microsoft Visual Studio Solution File, Format Version 12.00
# Visual Studio Version 17
VisualStudioVersion = 17.11.35327.3
MinimumVisualStudioVersion = 10.0.40219.1
Project("{8BC9CEB8-8B4A-11D0-8D11-00A0C91BC942}") = "ComputacaoGrafica1", "ComputacaoGrafica1\ComputacaoGrafica1.vcxproj", "{0743FF0F-3FAB-4A76-B5E2-9B501C53F580}"
EndProject
Global
	GlobalSection(SolutionConfigurationPlatforms) = preSolution
		Debug|x64 = Debug|x64
		Debug|x86 = Debug|x86
		Release|x64 = Release|x64
		Release|x86 = Release|x86
	EndGlobalSection
	GlobalSection(ProjectConfigurationPlatforms) = postSolution
		{0743FF0F-3FAB-4A76-B5E2-9B501C53F580}.Debug|x64.ActiveCfg = Debug|x64
		{0743FF0F-3FAB-4A76-B5E2-9B501C53F580}.Debug|x64.Build.0 = Debug|x64
		{0743FF0F-3FAB-4A76-B5E2-9B501C53F580}.Debug|x86.ActiveCfg = Debug|Win32
		{0743FF0F-3FAB-4A76-B5E2-9B501C53F580}.Debug|x86.Build.0 = Debug|Win32
		{0743FF0F-3FAB-4A76-B5E2-9B501C53F580}.Release|x64.ActiveCfg = Release|x64
		{0743FF0F-3FAB-4A76-B5E2-9B501C53F580}.Release|x64.Build.0 = Release|x64
		{0743FF0F-3FAB-4A76-B5E2-9B501C53F580}.Release|x86.ActiveCfg = Release|Win32
		{0743FF0F-3FAB-4A76-B5E2-9B501C53F580}.Release|x86.Build.0 = Release|Win32
	EndGlobalSection
	GlobalSection(SolutionProperties) = preSolution
		HideSolutionNode = FALSE
	EndGlobalSection
	GlobalSection(ExtensibilityGlobals) = postSolution
		SolutionGuid = {08D8F036-58B6-44B2-83A8-5E1C0163DA70}
	EndGlobalSection
EndGlobal
